
Microsoft Visual Studio Solution File, Format Version 12.00
# Visual Studio 15
VisualStudioVersion = 15.0.27703.2035
MinimumVisualStudioVersion = 10.0.40219.1
Project("{FAE04EC0-301F-11D3-BF4B-00C04F79EFBC}") = "VickyHomeWork1", "VickyHomeWork1\VickyHomeWork1.csproj", "{195BEC84-7506-4CBF-9663-727F6DA28530}"
EndProject
Global
	GlobalSection(SolutionConfigurationPlatforms) = preSolution
		Debug|Any CPU = Debug|Any CPU
		Release|Any CPU = Release|Any CPU
	EndGlobalSection
	GlobalSection(ProjectConfigurationPlatforms) = postSolution
		{195BEC84-7506-4CBF-9663-727F6DA28530}.Debug|Any CPU.ActiveCfg = Debug|Any CPU
		{195BEC84-7506-4CBF-9663-727F6DA28530}.Debug|Any CPU.Build.0 = Debug|Any CPU
		{195BEC84-7506-4CBF-9663-727F6DA28530}.Release|Any CPU.ActiveCfg = Release|Any CPU
		{195BEC84-7506-4CBF-9663-727F6DA28530}.Release|Any CPU.Build.0 = Release|Any CPU
	EndGlobalSection
	GlobalSection(SolutionProperties) = preSolution
		HideSolutionNode = FALSE
	EndGlobalSection
	GlobalSection(ExtensibilityGlobals) = postSolution
		SolutionGuid = {F3F74DF2-AD99-4067-ADA9-315C10BC4232}
	EndGlobalSection
EndGlobal
